
Microsoft Visual Studio Solution File, Format Version 12.00
# Visual Studio Version 16
VisualStudioVersion = 16.0.30517.126
MinimumVisualStudioVersion = 10.0.40219.1
Project("{FAE04EC0-301F-11D3-BF4B-00C04F79EFBC}") = "08_UserRegistrationProblem", "08_UserRegistrationProblem.csproj", "{C672F15F-EC44-4E35-8D54-F535912FA7E2}"
EndProject
Global
	GlobalSection(SolutionConfigurationPlatforms) = preSolution
		Debug|Any CPU = Debug|Any CPU
		Release|Any CPU = Release|Any CPU
	EndGlobalSection
	GlobalSection(ProjectConfigurationPlatforms) = postSolution
		{C672F15F-EC44-4E35-8D54-F535912FA7E2}.Debug|Any CPU.ActiveCfg = Debug|Any CPU
		{C672F15F-EC44-4E35-8D54-F535912FA7E2}.Debug|Any CPU.Build.0 = Debug|Any CPU
		{C672F15F-EC44-4E35-8D54-F535912FA7E2}.Release|Any CPU.ActiveCfg = Release|Any CPU
		{C672F15F-EC44-4E35-8D54-F535912FA7E2}.Release|Any CPU.Build.0 = Release|Any CPU
	EndGlobalSection
	GlobalSection(SolutionProperties) = preSolution
		HideSolutionNode = FALSE
	EndGlobalSection
	GlobalSection(ExtensibilityGlobals) = postSolution
		SolutionGuid = {FBF726B4-8644-458E-A579-248680B62FE3}
	EndGlobalSection
EndGlobal
